
Microsoft Visual Studio Solution File, Format Version 12.00
# Visual Studio Version 17
VisualStudioVersion = 17.8.34316.72
MinimumVisualStudioVersion = 10.0.40219.1
Project("{9A19103F-16F7-4668-BE54-9A1E7A4F7556}") = "TestLibrary", "TestLibrary\TestLibrary.csproj", "{0F177DB8-DECE-4273-A28B-2E56AAF6C829}"
EndProject
Project("{9A19103F-16F7-4668-BE54-9A1E7A4F7556}") = "Safin.Plugins.Modules", "..\src\Safin.Plugins.Modules\Safin.Plugins.Modules.csproj", "{699C7229-A2F8-430D-8C46-39A45B3BA279}"
EndProject
Project("{9A19103F-16F7-4668-BE54-9A1E7A4F7556}") = "Safin.Plugins.Modules.Tests", "Safin.Plugins.Modules.Tests\Safin.Plugins.Modules.Tests.csproj", "{AECFC47E-B4E3-457B-8683-891161DC373B}"
EndProject
Project("{9A19103F-16F7-4668-BE54-9A1E7A4F7556}") = "Safin.Plugins.Abstractions", "..\src\Safin.Plugins.Abstractions\Safin.Plugins.Abstractions.csproj", "{38F43296-5539-4F7A-ADD9-8E642722E697}"
EndProject
Project("{9A19103F-16F7-4668-BE54-9A1E7A4F7556}") = "Safin.Plugins.Stores.FileStores", "..\src\Safin.Plugins.Stores.FileStores\Safin.Plugins.Stores.FileStores.csproj", "{237FE68D-AD0D-45DC-8B80-CD723387B785}"
EndProject
Project("{9A19103F-16F7-4668-BE54-9A1E7A4F7556}") = "Safin.Plugins.Scripts", "..\src\Safin.Plugins.Scripts\Safin.Plugins.Scripts.csproj", "{3CA30DEC-C1BC-425F-BE0A-92B41990C716}"
EndProject
Global
	GlobalSection(SolutionConfigurationPlatforms) = preSolution
		Debug|Any CPU = Debug|Any CPU
		Release|Any CPU = Release|Any CPU
	EndGlobalSection
	GlobalSection(ProjectConfigurationPlatforms) = postSolution
		{0F177DB8-DECE-4273-A28B-2E56AAF6C829}.Debug|Any CPU.ActiveCfg = Debug|Any CPU
		{0F177DB8-DECE-4273-A28B-2E56AAF6C829}.Debug|Any CPU.Build.0 = Debug|Any CPU
		{0F177DB8-DECE-4273-A28B-2E56AAF6C829}.Release|Any CPU.ActiveCfg = Release|Any CPU
		{0F177DB8-DECE-4273-A28B-2E56AAF6C829}.Release|Any CPU.Build.0 = Release|Any CPU
		{699C7229-A2F8-430D-8C46-39A45B3BA279}.Debug|Any CPU.ActiveCfg = Debug|Any CPU
		{699C7229-A2F8-430D-8C46-39A45B3BA279}.Debug|Any CPU.Build.0 = Debug|Any CPU
		{699C7229-A2F8-430D-8C46-39A45B3BA279}.Release|Any CPU.ActiveCfg = Release|Any CPU
		{699C7229-A2F8-430D-8C46-39A45B3BA279}.Release|Any CPU.Build.0 = Release|Any CPU
		{AECFC47E-B4E3-457B-8683-891161DC373B}.Debug|Any CPU.ActiveCfg = Debug|Any CPU
		{AECFC47E-B4E3-457B-8683-891161DC373B}.Debug|Any CPU.Build.0 = Debug|Any CPU
		{AECFC47E-B4E3-457B-8683-891161DC373B}.Release|Any CPU.ActiveCfg = Release|Any CPU
		{AECFC47E-B4E3-457B-8683-891161DC373B}.Release|Any CPU.Build.0 = Release|Any CPU
		{38F43296-5539-4F7A-ADD9-8E642722E697}.Debug|Any CPU.ActiveCfg = Debug|Any CPU
		{38F43296-5539-4F7A-ADD9-8E642722E697}.Debug|Any CPU.Build.0 = Debug|Any CPU
		{38F43296-5539-4F7A-ADD9-8E642722E697}.Release|Any CPU.ActiveCfg = Release|Any CPU
		{38F43296-5539-4F7A-ADD9-8E642722E697}.Release|Any CPU.Build.0 = Release|Any CPU
		{237FE68D-AD0D-45DC-8B80-CD723387B785}.Debug|Any CPU.ActiveCfg = Debug|Any CPU
		{237FE68D-AD0D-45DC-8B80-CD723387B785}.Debug|Any CPU.Build.0 = Debug|Any CPU
		{237FE68D-AD0D-45DC-8B80-CD723387B785}.Release|Any CPU.ActiveCfg = Release|Any CPU
		{237FE68D-AD0D-45DC-8B80-CD723387B785}.Release|Any CPU.Build.0 = Release|Any CPU
		{3CA30DEC-C1BC-425F-BE0A-92B41990C716}.Debug|Any CPU.ActiveCfg = Debug|Any CPU
		{3CA30DEC-C1BC-425F-BE0A-92B41990C716}.Debug|Any CPU.Build.0 = Debug|Any CPU
		{3CA30DEC-C1BC-425F-BE0A-92B41990C716}.Release|Any CPU.ActiveCfg = Release|Any CPU
		{3CA30DEC-C1BC-425F-BE0A-92B41990C716}.Release|Any CPU.Build.0 = Release|Any CPU
	EndGlobalSection
	GlobalSection(SolutionProperties) = preSolution
		HideSolutionNode = FALSE
	EndGlobalSection
	GlobalSection(ExtensibilityGlobals) = postSolution
		SolutionGuid = {07410A23-34F1-4D22-B140-1D12E9042CB6}
	EndGlobalSection
EndGlobal
